
Microsoft Visual Studio Solution File, Format Version 12.00
# Visual Studio Version 16
VisualStudioVersion = 16.6.30114.105
MinimumVisualStudioVersion = 10.0.40219.1
Project("{FAE04EC0-301F-11D3-BF4B-00C04F79EFBC}") = "GameTop", "GameTop\GameTop.csproj", "{FACD6FCE-3027-463C-8084-C9AA4B2DCAE4}"
EndProject
Project("{FAE04EC0-301F-11D3-BF4B-00C04F79EFBC}") = "GameTop.Lib", "GameTop.Lib\GameTop.Lib.csproj", "{BC13F6CF-A433-473F-B615-DEF83C537E6D}"
EndProject
Project("{FAE04EC0-301F-11D3-BF4B-00C04F79EFBC}") = "GameTop.Interface", "GameTop.Interface\GameTop.Interface.csproj", "{C8994937-FD6F-4F52-8E1E-2F87AA35E7C8}"
EndProject
Global
	GlobalSection(SolutionConfigurationPlatforms) = preSolution
		Debug|Any CPU = Debug|Any CPU
		Debug|x64 = Debug|x64
		Debug|x86 = Debug|x86
		Release|Any CPU = Release|Any CPU
		Release|x64 = Release|x64
		Release|x86 = Release|x86
	EndGlobalSection
	GlobalSection(SolutionProperties) = preSolution
		HideSolutionNode = FALSE
	EndGlobalSection
	GlobalSection(ProjectConfigurationPlatforms) = postSolution
		{FACD6FCE-3027-463C-8084-C9AA4B2DCAE4}.Debug|Any CPU.ActiveCfg = Debug|Any CPU
		{FACD6FCE-3027-463C-8084-C9AA4B2DCAE4}.Debug|Any CPU.Build.0 = Debug|Any CPU
		{FACD6FCE-3027-463C-8084-C9AA4B2DCAE4}.Debug|x64.ActiveCfg = Debug|Any CPU
		{FACD6FCE-3027-463C-8084-C9AA4B2DCAE4}.Debug|x64.Build.0 = Debug|Any CPU
		{FACD6FCE-3027-463C-8084-C9AA4B2DCAE4}.Debug|x86.ActiveCfg = Debug|Any CPU
		{FACD6FCE-3027-463C-8084-C9AA4B2DCAE4}.Debug|x86.Build.0 = Debug|Any CPU
		{FACD6FCE-3027-463C-8084-C9AA4B2DCAE4}.Release|Any CPU.ActiveCfg = Release|Any CPU
		{FACD6FCE-3027-463C-8084-C9AA4B2DCAE4}.Release|Any CPU.Build.0 = Release|Any CPU
		{FACD6FCE-3027-463C-8084-C9AA4B2DCAE4}.Release|x64.ActiveCfg = Release|Any CPU
		{FACD6FCE-3027-463C-8084-C9AA4B2DCAE4}.Release|x64.Build.0 = Release|Any CPU
		{FACD6FCE-3027-463C-8084-C9AA4B2DCAE4}.Release|x86.ActiveCfg = Release|Any CPU
		{FACD6FCE-3027-463C-8084-C9AA4B2DCAE4}.Release|x86.Build.0 = Release|Any CPU
		{BC13F6CF-A433-473F-B615-DEF83C537E6D}.Debug|Any CPU.ActiveCfg = Debug|Any CPU
		{BC13F6CF-A433-473F-B615-DEF83C537E6D}.Debug|Any CPU.Build.0 = Debug|Any CPU
		{BC13F6CF-A433-473F-B615-DEF83C537E6D}.Debug|x64.ActiveCfg = Debug|Any CPU
		{BC13F6CF-A433-473F-B615-DEF83C537E6D}.Debug|x64.Build.0 = Debug|Any CPU
		{BC13F6CF-A433-473F-B615-DEF83C537E6D}.Debug|x86.ActiveCfg = Debug|Any CPU
		{BC13F6CF-A433-473F-B615-DEF83C537E6D}.Debug|x86.Build.0 = Debug|Any CPU
		{BC13F6CF-A433-473F-B615-DEF83C537E6D}.Release|Any CPU.ActiveCfg = Release|Any CPU
		{BC13F6CF-A433-473F-B615-DEF83C537E6D}.Release|Any CPU.Build.0 = Release|Any CPU
		{BC13F6CF-A433-473F-B615-DEF83C537E6D}.Release|x64.ActiveCfg = Release|Any CPU
		{BC13F6CF-A433-473F-B615-DEF83C537E6D}.Release|x64.Build.0 = Release|Any CPU
		{BC13F6CF-A433-473F-B615-DEF83C537E6D}.Release|x86.ActiveCfg = Release|Any CPU
		{BC13F6CF-A433-473F-B615-DEF83C537E6D}.Release|x86.Build.0 = Release|Any CPU
		{C8994937-FD6F-4F52-8E1E-2F87AA35E7C8}.Debug|Any CPU.ActiveCfg = Debug|Any CPU
		{C8994937-FD6F-4F52-8E1E-2F87AA35E7C8}.Debug|Any CPU.Build.0 = Debug|Any CPU
		{C8994937-FD6F-4F52-8E1E-2F87AA35E7C8}.Debug|x64.ActiveCfg = Debug|Any CPU
		{C8994937-FD6F-4F52-8E1E-2F87AA35E7C8}.Debug|x64.Build.0 = Debug|Any CPU
		{C8994937-FD6F-4F52-8E1E-2F87AA35E7C8}.Debug|x86.ActiveCfg = Debug|Any CPU
		{C8994937-FD6F-4F52-8E1E-2F87AA35E7C8}.Debug|x86.Build.0 = Debug|Any CPU
		{C8994937-FD6F-4F52-8E1E-2F87AA35E7C8}.Release|Any CPU.ActiveCfg = Release|Any CPU
		{C8994937-FD6F-4F52-8E1E-2F87AA35E7C8}.Release|Any CPU.Build.0 = Release|Any CPU
		{C8994937-FD6F-4F52-8E1E-2F87AA35E7C8}.Release|x64.ActiveCfg = Release|Any CPU
		{C8994937-FD6F-4F52-8E1E-2F87AA35E7C8}.Release|x64.Build.0 = Release|Any CPU
		{C8994937-FD6F-4F52-8E1E-2F87AA35E7C8}.Release|x86.ActiveCfg = Release|Any CPU
		{C8994937-FD6F-4F52-8E1E-2F87AA35E7C8}.Release|x86.Build.0 = Release|Any CPU
	EndGlobalSection
EndGlobal
